// !$*UTF8*$!
{
	archiveVersion = 1;
	classes = {
	};
	objectVersion = 50;
	objects = {

/* Begin PBXBuildFile section */
		9020F8F3213760DD0035CE06 /* AppDelegate.swift in Sources */ = {isa = PBXBuildFile; fileRef = 9020F8F2213760DD0035CE06 /* AppDelegate.swift */; };
		9020F8F5213760DD0035CE06 /* ViewController.swift in Sources */ = {isa = PBXBuildFile; fileRef = 9020F8F4213760DD0035CE06 /* ViewController.swift */; };
		9020F8F8213760DD0035CE06 /* Main.storyboard in Resources */ = {isa = PBXBuildFile; fileRef = 9020F8F6213760DD0035CE06 /* Main.storyboard */; };
		9020F8FA213760E40035CE06 /* Assets.xcassets in Resources */ = {isa = PBXBuildFile; fileRef = 9020F8F9213760E40035CE06 /* Assets.xcassets */; };
		9020F8FD213760E40035CE06 /* LaunchScreen.storyboard in Resources */ = {isa = PBXBuildFile; fileRef = 9020F8FB213760E40035CE06 /* LaunchScreen.storyboard */; };
		9020F9062137626D0035CE06 /* Individual.swift in Sources */ = {isa = PBXBuildFile; fileRef = 9020F9052137626D0035CE06 /* Individual.swift */; };
		9020F9082137635B0035CE06 /* PopulationCrafter.swift in Sources */ = {isa = PBXBuildFile; fileRef = 9020F9072137635B0035CE06 /* PopulationCrafter.swift */; };
		9020F90A2137670C0035CE06 /* RandomHelper.swift in Sources */ = {isa = PBXBuildFile; fileRef = 9020F9092137670C0035CE06 /* RandomHelper.swift */; };
		9020F90C213840110035CE06 /* ViewModel.swift in Sources */ = {isa = PBXBuildFile; fileRef = 9020F90B213840110035CE06 /* ViewModel.swift */; };
		9020F90E213840870035CE06 /* IndividualFitnessCalculator.swift in Sources */ = {isa = PBXBuildFile; fileRef = 9020F90D213840870035CE06 /* IndividualFitnessCalculator.swift */; };
		9020F910213850610035CE06 /* UIViewBinding.swift in Sources */ = {isa = PBXBuildFile; fileRef = 9020F90F213850610035CE06 /* UIViewBinding.swift */; };
		9020F9122138B6AB0035CE06 /* PopulationManager.swift in Sources */ = {isa = PBXBuildFile; fileRef = 9020F9112138B6AB0035CE06 /* PopulationManager.swift */; };
		9020F9142138C2C10035CE06 /* UIComponentViewWrapper.swift in Sources */ = {isa = PBXBuildFile; fileRef = 9020F9132138C2C10035CE06 /* UIComponentViewWrapper.swift */; };
		9020F916213A05D80035CE06 /* ViewModelBase.swift in Sources */ = {isa = PBXBuildFile; fileRef = 9020F915213A05D80035CE06 /* ViewModelBase.swift */; };
		9020F91B213A2C200035CE06 /* BackgroundWorker.swift in Sources */ = {isa = PBXBuildFile; fileRef = 9020F91A213A2C200035CE06 /* BackgroundWorker.swift */; };
		9020F91D213B7E450035CE06 /* Toast.swift in Sources */ = {isa = PBXBuildFile; fileRef = 9020F91C213B7E450035CE06 /* Toast.swift */; };
		9020F91F213C99560035CE06 /* Validation.swift in Sources */ = {isa = PBXBuildFile; fileRef = 9020F91E213C99560035CE06 /* Validation.swift */; };
		9020F921213DDD8A0035CE06 /* TextPopoverViewController.swift in Sources */ = {isa = PBXBuildFile; fileRef = 9020F920213DDD8A0035CE06 /* TextPopoverViewController.swift */; };
/* End PBXBuildFile section */

/* Begin PBXFileReference section */
		9020F8EF213760DD0035CE06 /* GeneticStrings.app */ = {isa = PBXFileReference; explicitFileType = wrapper.application; includeInIndex = 0; path = GeneticStrings.app; sourceTree = BUILT_PRODUCTS_DIR; };
		9020F8F2213760DD0035CE06 /* AppDelegate.swift */ = {isa = PBXFileReference; lastKnownFileType = sourcecode.swift; path = AppDelegate.swift; sourceTree = "<group>"; };
		9020F8F4213760DD0035CE06 /* ViewController.swift */ = {isa = PBXFileReference; lastKnownFileType = sourcecode.swift; path = ViewController.swift; sourceTree = "<group>"; };
		9020F8F7213760DD0035CE06 /* Base */ = {isa = PBXFileReference; lastKnownFileType = file.storyboard; name = Base; path = Base.lproj/Main.storyboard; sourceTree = "<group>"; };
		9020F8F9213760E40035CE06 /* Assets.xcassets */ = {isa = PBXFileReference; lastKnownFileType = folder.assetcatalog; path = Assets.xcassets; sourceTree = "<group>"; };
		9020F8FC213760E40035CE06 /* Base */ = {isa = PBXFileReference; lastKnownFileType = file.storyboard; name = Base; path = Base.lproj/LaunchScreen.storyboard; sourceTree = "<group>"; };
		9020F8FE213760E40035CE06 /* Info.plist */ = {isa = PBXFileReference; lastKnownFileType = text.plist.xml; path = Info.plist; sourceTree = "<group>"; };
		9020F9052137626D0035CE06 /* Individual.swift */ = {isa = PBXFileReference; lastKnownFileType = sourcecode.swift; path = Individual.swift; sourceTree = "<group>"; };
		9020F9072137635B0035CE06 /* PopulationCrafter.swift */ = {isa = PBXFileReference; lastKnownFileType = sourcecode.swift; path = PopulationCrafter.swift; sourceTree = "<group>"; };
		9020F9092137670C0035CE06 /* RandomHelper.swift */ = {isa = PBXFileReference; lastKnownFileType = sourcecode.swift; path = RandomHelper.swift; sourceTree = "<group>"; };
		9020F90B213840110035CE06 /* ViewModel.swift */ = {isa = PBXFileReference; lastKnownFileType = sourcecode.swift; path = ViewModel.swift; sourceTree = "<group>"; };
		9020F90D213840870035CE06 /* IndividualFitnessCalculator.swift */ = {isa = PBXFileReference; lastKnownFileType = sourcecode.swift; path = IndividualFitnessCalculator.swift; sourceTree = "<group>"; };
		9020F90F213850610035CE06 /* UIViewBinding.swift */ = {isa = PBXFileReference; lastKnownFileType = sourcecode.swift; path = UIViewBinding.swift; sourceTree = "<group>"; };
		9020F9112138B6AB0035CE06 /* PopulationManager.swift */ = {isa = PBXFileReference; lastKnownFileType = sourcecode.swift; path = PopulationManager.swift; sourceTree = "<group>"; };
		9020F9132138C2C10035CE06 /* UIComponentViewWrapper.swift */ = {isa = PBXFileReference; lastKnownFileType = sourcecode.swift; path = UIComponentViewWrapper.swift; sourceTree = "<group>"; };
		9020F915213A05D80035CE06 /* ViewModelBase.swift */ = {isa = PBXFileReference; lastKnownFileType = sourcecode.swift; path = ViewModelBase.swift; sourceTree = "<group>"; };
		9020F91A213A2C200035CE06 /* BackgroundWorker.swift */ = {isa = PBXFileReference; lastKnownFileType = sourcecode.swift; path = BackgroundWorker.swift; sourceTree = "<group>"; };
		9020F91C213B7E450035CE06 /* Toast.swift */ = {isa = PBXFileReference; lastKnownFileType = sourcecode.swift; path = Toast.swift; sourceTree = "<group>"; };
		9020F91E213C99560035CE06 /* Validation.swift */ = {isa = PBXFileReference; lastKnownFileType = sourcecode.swift; path = Validation.swift; sourceTree = "<group>"; };
		9020F920213DDD8A0035CE06 /* TextPopoverViewController.swift */ = {isa = PBXFileReference; lastKnownFileType = sourcecode.swift; path = TextPopoverViewController.swift; sourceTree = "<group>"; };
/* End PBXFileReference section */

/* Begin PBXFrameworksBuildPhase section */
		9020F8EC213760DD0035CE06 /* Frameworks */ = {
			isa = PBXFrameworksBuildPhase;
			buildActionMask = 2147483647;
			files = (
			);
			runOnlyForDeploymentPostprocessing = 0;
		};
/* End PBXFrameworksBuildPhase section */

/* Begin PBXGroup section */
		9020F8E6213760DD0035CE06 = {
			isa = PBXGroup;
			children = (
				9020F8F1213760DD0035CE06 /* GeneticStrings */,
				9020F8F0213760DD0035CE06 /* Products */,
			);
			sourceTree = "<group>";
		};
		9020F8F0213760DD0035CE06 /* Products */ = {
			isa = PBXGroup;
			children = (
				9020F8EF213760DD0035CE06 /* GeneticStrings.app */,
			);
			name = Products;
			sourceTree = "<group>";
		};
		9020F8F1213760DD0035CE06 /* GeneticStrings */ = {
			isa = PBXGroup;
			children = (
				9020F8F2213760DD0035CE06 /* AppDelegate.swift */,
				9020F8F4213760DD0035CE06 /* ViewController.swift */,
				9020F90B213840110035CE06 /* ViewModel.swift */,
				9020F915213A05D80035CE06 /* ViewModelBase.swift */,
				9020F8F6213760DD0035CE06 /* Main.storyboard */,
				9020F920213DDD8A0035CE06 /* TextPopoverViewController.swift */,
				9020F8F9213760E40035CE06 /* Assets.xcassets */,
				9020F8FB213760E40035CE06 /* LaunchScreen.storyboard */,
				9020F8FE213760E40035CE06 /* Info.plist */,
				9020F9052137626D0035CE06 /* Individual.swift */,
				9020F9072137635B0035CE06 /* PopulationCrafter.swift */,
				9020F9112138B6AB0035CE06 /* PopulationManager.swift */,
				9020F9092137670C0035CE06 /* RandomHelper.swift */,
				9020F90D213840870035CE06 /* IndividualFitnessCalculator.swift */,
				9020F90F213850610035CE06 /* UIViewBinding.swift */,
				9020F9132138C2C10035CE06 /* UIComponentViewWrapper.swift */,
				9020F91A213A2C200035CE06 /* BackgroundWorker.swift */,
				9020F91C213B7E450035CE06 /* Toast.swift */,
				9020F91E213C99560035CE06 /* Validation.swift */,
			);
			path = GeneticStrings;
			sourceTree = "<group>";
		};
/* End PBXGroup section */

/* Begin PBXNativeTarget section */
		9020F8EE213760DD0035CE06 /* GeneticStrings */ = {
			isa = PBXNativeTarget;
			buildConfigurationList = 9020F901213760E40035CE06 /* Build configuration list for PBXNativeTarget "GeneticStrings" */;
			buildPhases = (
				9020F8EB213760DD0035CE06 /* Sources */,
				9020F8EC213760DD0035CE06 /* Frameworks */,
				9020F8ED213760DD0035CE06 /* Resources */,
			);
			buildRules = (
			);
			dependencies = (
			);
			name = GeneticStrings;
			productName = GeneticStrings;
			productReference = 9020F8EF213760DD0035CE06 /* GeneticStrings.app */;
			productType = "com.apple.product-type.application";
		};
/* End PBXNativeTarget section */

/* Begin PBXProject section */
		9020F8E7213760DD0035CE06 /* Project object */ = {
			isa = PBXProject;
			attributes = {
				LastSwiftUpdateCheck = 0940;
				LastUpgradeCheck = 0940;
				ORGANIZATIONNAME = "Mateus Leichsenring";
				TargetAttributes = {
					9020F8EE213760DD0035CE06 = {
						CreatedOnToolsVersion = 9.4.1;
					};
				};
			};
			buildConfigurationList = 9020F8EA213760DD0035CE06 /* Build configuration list for PBXProject "GeneticStrings" */;
			compatibilityVersion = "Xcode 9.3";
			developmentRegion = en;
			hasScannedForEncodings = 0;
			knownRegions = (
				en,
				Base,
			);
			mainGroup = 9020F8E6213760DD0035CE06;
			productRefGroup = 9020F8F0213760DD0035CE06 /* Products */;
			projectDirPath = "";
			projectRoot = "";
			targets = (
				9020F8EE213760DD0035CE06 /* GeneticStrings */,
			);
		};
/* End PBXProject section */

/* Begin PBXResourcesBuildPhase section */
		9020F8ED213760DD0035CE06 /* Resources */ = {
			isa = PBXResourcesBuildPhase;
			buildActionMask = 2147483647;
			files = (
				9020F8FD213760E40035CE06 /* LaunchScreen.storyboard in Resources */,
				9020F8FA213760E40035CE06 /* Assets.xcassets in Resources */,
				9020F8F8213760DD0035CE06 /* Main.storyboard in Resources */,
			);
			runOnlyForDeploymentPostprocessing = 0;
		};
/* End PBXResourcesBuildPhase section */

/* Begin PBXSourcesBuildPhase section */
		9020F8EB213760DD0035CE06 /* Sources */ = {
			isa = PBXSourcesBuildPhase;
			buildActionMask = 2147483647;
			files = (
				9020F91D213B7E450035CE06 /* Toast.swift in Sources */,
				9020F916213A05D80035CE06 /* ViewModelBase.swift in Sources */,
				9020F921213DDD8A0035CE06 /* TextPopoverViewController.swift in Sources */,
				9020F9142138C2C10035CE06 /* UIComponentViewWrapper.swift in Sources */,
				9020F90A2137670C0035CE06 /* RandomHelper.swift in Sources */,
				9020F9082137635B0035CE06 /* PopulationCrafter.swift in Sources */,
				9020F910213850610035CE06 /* UIViewBinding.swift in Sources */,
				9020F91F213C99560035CE06 /* Validation.swift in Sources */,
				9020F9062137626D0035CE06 /* Individual.swift in Sources */,
				9020F90E213840870035CE06 /* IndividualFitnessCalculator.swift in Sources */,
				9020F91B213A2C200035CE06 /* BackgroundWorker.swift in Sources */,
				9020F8F5213760DD0035CE06 /* ViewController.swift in Sources */,
				9020F90C213840110035CE06 /* ViewModel.swift in Sources */,
				9020F8F3213760DD0035CE06 /* AppDelegate.swift in Sources */,
				9020F9122138B6AB0035CE06 /* PopulationManager.swift in Sources */,
			);
			runOnlyForDeploymentPostprocessing = 0;
		};
/* End PBXSourcesBuildPhase section */

/* Begin PBXVariantGroup section */
		9020F8F6213760DD0035CE06 /* Main.storyboard */ = {
			isa = PBXVariantGroup;
			children = (
				9020F8F7213760DD0035CE06 /* Base */,
			);
			name = Main.storyboard;
			sourceTree = "<group>";
		};
		9020F8FB213760E40035CE06 /* LaunchScreen.storyboard */ = {
			isa = PBXVariantGroup;
			children = (
				9020F8FC213760E40035CE06 /* Base */,
			);
			name = LaunchScreen.storyboard;
			sourceTree = "<group>";
		};
/* End PBXVariantGroup section */

/* Begin XCBuildConfiguration section */
		9020F8FF213760E40035CE06 /* Debug */ = {
			isa = XCBuildConfiguration;
			buildSettings = {
				ALWAYS_SEARCH_USER_PATHS = NO;
				CLANG_ANALYZER_NONNULL = YES;
				CLANG_ANALYZER_NUMBER_OBJECT_CONVERSION = YES_AGGRESSIVE;
				CLANG_CXX_LANGUAGE_STANDARD = "gnu++14";
				CLANG_CXX_LIBRARY = "libc++";
				CLANG_ENABLE_MODULES = YES;
				CLANG_ENABLE_OBJC_ARC = YES;
				CLANG_ENABLE_OBJC_WEAK = YES;
				CLANG_WARN_BLOCK_CAPTURE_AUTORELEASING = YES;
				CLANG_WARN_BOOL_CONVERSION = YES;
				CLANG_WARN_COMMA = YES;
				CLANG_WARN_CONSTANT_CONVERSION = YES;
				CLANG_WARN_DEPRECATED_OBJC_IMPLEMENTATIONS = YES;
				CLANG_WARN_DIRECT_OBJC_ISA_USAGE = YES_ERROR;
				CLANG_WARN_DOCUMENTATION_COMMENTS = YES;
				CLANG_WARN_EMPTY_BODY = YES;
				CLANG_WARN_ENUM_CONVERSION = YES;
				CLANG_WARN_INFINITE_RECURSION = YES;
				CLANG_WARN_INT_CONVERSION = YES;
				CLANG_WARN_NON_LITERAL_NULL_CONVERSION = YES;
				CLANG_WARN_OBJC_IMPLICIT_RETAIN_SELF = YES;
				CLANG_WARN_OBJC_LITERAL_CONVERSION = YES;
				CLANG_WARN_OBJC_ROOT_CLASS = YES_ERROR;
				CLANG_WARN_RANGE_LOOP_ANALYSIS = YES;
				CLANG_WARN_STRICT_PROTOTYPES = YES;
				CLANG_WARN_SUSPICIOUS_MOVE = YES;
				CLANG_WARN_UNGUARDED_AVAILABILITY = YES_AGGRESSIVE;
				CLANG_WARN_UNREACHABLE_CODE = YES;
				CLANG_WARN__DUPLICATE_METHOD_MATCH = YES;
				CODE_SIGN_IDENTITY = "iPhone Developer";
				COPY_PHASE_STRIP = NO;
				DEBUG_INFORMATION_FORMAT = dwarf;
				ENABLE_STRICT_OBJC_MSGSEND = YES;
				ENABLE_TESTABILITY = YES;
				GCC_C_LANGUAGE_STANDARD = gnu11;
				GCC_DYNAMIC_NO_PIC = NO;
				GCC_NO_COMMON_BLOCKS = YES;
				GCC_OPTIMIZATION_LEVEL = 0;
				GCC_PREPROCESSOR_DEFINITIONS = (
					"DEBUG=1",
					"$(inherited)",
				);
				GCC_WARN_64_TO_32_BIT_CONVERSION = YES;
				GCC_WARN_ABOUT_RETURN_TYPE = YES_ERROR;
				GCC_WARN_UNDECLARED_SELECTOR = YES;
				GCC_WARN_UNINITIALIZED_AUTOS = YES_AGGRESSIVE;
				GCC_WARN_UNUSED_FUNCTION = YES;
				GCC_WARN_UNUSED_VARIABLE = YES;
				IPHONEOS_DEPLOYMENT_TARGET = 11.4;
				MTL_ENABLE_DEBUG_INFO = YES;
				ONLY_ACTIVE_ARCH = YES;
				SDKROOT = iphoneos;
				SWIFT_ACTIVE_COMPILATION_CONDITIONS = DEBUG;
				SWIFT_OPTIMIZATION_LEVEL = "-Onone";
			};
			name = Debug;
		};
		9020F900213760E40035CE06 /* Release */ = {
			isa = XCBuildConfiguration;
			buildSettings = {
				ALWAYS_SEARCH_USER_PATHS = NO;
				CLANG_ANALYZER_NONNULL = YES;
				CLANG_ANALYZER_NUMBER_OBJECT_CONVERSION = YES_AGGRESSIVE;
				CLANG_CXX_LANGUAGE_STANDARD = "gnu++14";
				CLANG_CXX_LIBRARY = "libc++";
				CLANG_ENABLE_MODULES = YES;
				CLANG_ENABLE_OBJC_ARC = YES;
				CLANG_ENABLE_OBJC_WEAK = YES;
				CLANG_WARN_BLOCK_CAPTURE_AUTORELEASING = YES;
				CLANG_WARN_BOOL_CONVERSION = YES;
				CLANG_WARN_COMMA = YES;
				CLANG_WARN_CONSTANT_CONVERSION = YES;
				CLANG_WARN_DEPRECATED_OBJC_IMPLEMENTATIONS = YES;
				CLANG_WARN_DIRECT_OBJC_ISA_USAGE = YES_ERROR;
				CLANG_WARN_DOCUMENTATION_COMMENTS = YES;
				CLANG_WARN_EMPTY_BODY = YES;
				CLANG_WARN_ENUM_CONVERSION = YES;
				CLANG_WARN_INFINITE_RECURSION = YES;
				CLANG_WARN_INT_CONVERSION = YES;
				CLANG_WARN_NON_LITERAL_NULL_CONVERSION = YES;
				CLANG_WARN_OBJC_IMPLICIT_RETAIN_SELF = YES;
				CLANG_WARN_OBJC_LITERAL_CONVERSION = YES;
				CLANG_WARN_OBJC_ROOT_CLASS = YES_ERROR;
				CLANG_WARN_RANGE_LOOP_ANALYSIS = YES;
				CLANG_WARN_STRICT_PROTOTYPES = YES;
				CLANG_WARN_SUSPICIOUS_MOVE = YES;
				CLANG_WARN_UNGUARDED_AVAILABILITY = YES_AGGRESSIVE;
				CLANG_WARN_UNREACHABLE_CODE = YES;
				CLANG_WARN__DUPLICATE_METHOD_MATCH = YES;
				CODE_SIGN_IDENTITY = "iPhone Developer";
				COPY_PHASE_STRIP = NO;
				DEBUG_INFORMATION_FORMAT = "dwarf-with-dsym";
				ENABLE_NS_ASSERTIONS = NO;
				ENABLE_STRICT_OBJC_MSGSEND = YES;
				GCC_C_LANGUAGE_STANDARD = gnu11;
				GCC_NO_COMMON_BLOCKS = YES;
				GCC_WARN_64_TO_32_BIT_CONVERSION = YES;
				GCC_WARN_ABOUT_RETURN_TYPE = YES_ERROR;
				GCC_WARN_UNDECLARED_SELECTOR = YES;
				GCC_WARN_UNINITIALIZED_AUTOS = YES_AGGRESSIVE;
				GCC_WARN_UNUSED_FUNCTION = YES;
				GCC_WARN_UNUSED_VARIABLE = YES;
				IPHONEOS_DEPLOYMENT_TARGET = 11.4;
				MTL_ENABLE_DEBUG_INFO = NO;
				SDKROOT = iphoneos;
				SWIFT_COMPILATION_MODE = wholemodule;
				SWIFT_OPTIMIZATION_LEVEL = "-O";
				VALIDATE_PRODUCT = YES;
			};
			name = Release;
		};
		9020F902213760E40035CE06 /* Debug */ = {
			isa = XCBuildConfiguration;
			buildSettings = {
				ASSETCATALOG_COMPILER_APPICON_NAME = AppIcon;
				CODE_SIGN_STYLE = Automatic;
				DEVELOPMENT_TEAM = 325JNH32TP;
				INFOPLIST_FILE = GeneticStrings/Info.plist;
				LD_RUNPATH_SEARCH_PATHS = (
					"$(inherited)",
					"@executable_path/Frameworks",
				);
				PRODUCT_BUNDLE_IDENTIFIER = mateus.leichs.GeneticStrings;
				PRODUCT_NAME = "$(TARGET_NAME)";
				SWIFT_VERSION = 4.0;
				TARGETED_DEVICE_FAMILY = "1,2";
			};
			name = Debug;
		};
		9020F903213760E40035CE06 /* Release */ = {
			isa = XCBuildConfiguration;
			buildSettings = {
				ASSETCATALOG_COMPILER_APPICON_NAME = AppIcon;
				CODE_SIGN_STYLE = Automatic;
				DEVELOPMENT_TEAM = 325JNH32TP;
				INFOPLIST_FILE = GeneticStrings/Info.plist;
				LD_RUNPATH_SEARCH_PATHS = (
					"$(inherited)",
					"@executable_path/Frameworks",
				);
				PRODUCT_BUNDLE_IDENTIFIER = mateus.leichs.GeneticStrings;
				PRODUCT_NAME = "$(TARGET_NAME)";
				SWIFT_VERSION = 4.0;
				TARGETED_DEVICE_FAMILY = "1,2";
			};
			name = Release;
		};
/* End XCBuildConfiguration section */

/* Begin XCConfigurationList section */
		9020F8EA213760DD0035CE06 /* Build configuration list for PBXProject "GeneticStrings" */ = {
			isa = XCConfigurationList;
			buildConfigurations = (
				9020F8FF213760E40035CE06 /* Debug */,
				9020F900213760E40035CE06 /* Release */,
			);
			defaultConfigurationIsVisible = 0;
			defaultConfigurationName = Release;
		};
		9020F901213760E40035CE06 /* Build configuration list for PBXNativeTarget "GeneticStrings" */ = {
			isa = XCConfigurationList;
			buildConfigurations = (
				9020F902213760E40035CE06 /* Debug */,
				9020F903213760E40035CE06 /* Release */,
			);
			defaultConfigurationIsVisible = 0;
			defaultConfigurationName = Release;
		};
/* End XCConfigurationList section */
	};
	rootObject = 9020F8E7213760DD0035CE06 /* Project object */;
}
